// !$*UTF8*$!
{
	archiveVersion = 1;
	classes = {
	};
	objectVersion = 56;
	objects = {

/* Begin PBXBuildFile section */
		7395FE5C2BAD198C009E40F1 /* AppDelegate.swift in Sources */ = {isa = PBXBuildFile; fileRef = 7395FE5B2BAD198C009E40F1 /* AppDelegate.swift */; };
		7395FE5E2BAD198C009E40F1 /* SceneDelegate.swift in Sources */ = {isa = PBXBuildFile; fileRef = 7395FE5D2BAD198C009E40F1 /* SceneDelegate.swift */; };
		7395FE652BAD198D009E40F1 /* Assets.xcassets in Resources */ = {isa = PBXBuildFile; fileRef = 7395FE642BAD198D009E40F1 /* Assets.xcassets */; };
		7395FE7D2BAD198D009E40F1 /* SolboardUITests.swift in Sources */ = {isa = PBXBuildFile; fileRef = 7395FE7C2BAD198D009E40F1 /* SolboardUITests.swift */; };
		7395FE7F2BAD198D009E40F1 /* SolboardUITestsLaunchTests.swift in Sources */ = {isa = PBXBuildFile; fileRef = 7395FE7E2BAD198D009E40F1 /* SolboardUITestsLaunchTests.swift */; };
		73A644982BB271BF000E6424 /* SplashScreenViewController.swift in Sources */ = {isa = PBXBuildFile; fileRef = 73A644962BB271BF000E6424 /* SplashScreenViewController.swift */; };
		73A644992BB271BF000E6424 /* SplashScreenViewController.xib in Resources */ = {isa = PBXBuildFile; fileRef = 73A644972BB271BF000E6424 /* SplashScreenViewController.xib */; };
		73A6449D2BB2740E000E6424 /* Coordinator.swift in Sources */ = {isa = PBXBuildFile; fileRef = 73A6449C2BB2740E000E6424 /* Coordinator.swift */; };
		73A644A42BB276B8000E6424 /* ImportWalletViewController.swift in Sources */ = {isa = PBXBuildFile; fileRef = 73A644A22BB276B8000E6424 /* ImportWalletViewController.swift */; };
		73A644A52BB276B8000E6424 /* ImportWalletViewController.xib in Resources */ = {isa = PBXBuildFile; fileRef = 73A644A32BB276B8000E6424 /* ImportWalletViewController.xib */; };
		73A644A92BB30D0E000E6424 /* TabbarController.swift in Sources */ = {isa = PBXBuildFile; fileRef = 73A644A82BB30D0E000E6424 /* TabbarController.swift */; };
		73A644AD2BB30DC2000E6424 /* HomeViewController.swift in Sources */ = {isa = PBXBuildFile; fileRef = 73A644AB2BB30DC2000E6424 /* HomeViewController.swift */; };
		73A644AE2BB30DC2000E6424 /* HomeViewController.xib in Resources */ = {isa = PBXBuildFile; fileRef = 73A644AC2BB30DC2000E6424 /* HomeViewController.xib */; };
		73A644B22BB51BE6000E6424 /* PersistenceProtocol.swift in Sources */ = {isa = PBXBuildFile; fileRef = 73A644B12BB51BE6000E6424 /* PersistenceProtocol.swift */; };
		73A644B52BB52034000E6424 /* UserDataModel.xcdatamodeld in Sources */ = {isa = PBXBuildFile; fileRef = 73A644B32BB52034000E6424 /* UserDataModel.xcdatamodeld */; };
		73A644BD2BB520F7000E6424 /* UserDataModel+CoreDataClass.swift in Sources */ = {isa = PBXBuildFile; fileRef = 73A644BB2BB520F7000E6424 /* UserDataModel+CoreDataClass.swift */; };
		73A644BE2BB520F7000E6424 /* UserDataModel+CoreDataProperties.swift in Sources */ = {isa = PBXBuildFile; fileRef = 73A644BC2BB520F7000E6424 /* UserDataModel+CoreDataProperties.swift */; };
		73A644C02BB521B9000E6424 /* CoreDataManager.swift in Sources */ = {isa = PBXBuildFile; fileRef = 73A644BF2BB521B9000E6424 /* CoreDataManager.swift */; };
		73A644C32BB54076000E6424 /* PresentationManager.swift in Sources */ = {isa = PBXBuildFile; fileRef = 73A644C22BB54076000E6424 /* PresentationManager.swift */; };
		73A644C52BB5410B000E6424 /* PresentationManagerTests.swift in Sources */ = {isa = PBXBuildFile; fileRef = 73A644C42BB5410B000E6424 /* PresentationManagerTests.swift */; };
		73A644C82BB5414B000E6424 /* DataManagerMock.swift in Sources */ = {isa = PBXBuildFile; fileRef = 73A644C72BB5414B000E6424 /* DataManagerMock.swift */; };
		73A644CB2BB54F21000E6424 /* UIApplication+.swift in Sources */ = {isa = PBXBuildFile; fileRef = 73A644CA2BB54F21000E6424 /* UIApplication+.swift */; };
		73A644D02BB628FF000E6424 /* ImportWalletViewModel.swift in Sources */ = {isa = PBXBuildFile; fileRef = 73A644CF2BB628FF000E6424 /* ImportWalletViewModel.swift */; };
		73A644D82BBE3789000E6424 /* HTTPClient.swift in Sources */ = {isa = PBXBuildFile; fileRef = 73A644D72BBE3789000E6424 /* HTTPClient.swift */; };
		73A644DB2BBE4121000E6424 /* GetAccountInfoResponse.swift in Sources */ = {isa = PBXBuildFile; fileRef = 73A644DA2BBE4121000E6424 /* GetAccountInfoResponse.swift */; };
		73A644E32BC4C2C9000E6424 /* ImportWalletViewControllerTests.swift in Sources */ = {isa = PBXBuildFile; fileRef = 73A644E22BC4C2C9000E6424 /* ImportWalletViewControllerTests.swift */; };
		73BEE1E42BC6EE85003068A1 /* AlertManager.swift in Sources */ = {isa = PBXBuildFile; fileRef = 73BEE1E32BC6EE85003068A1 /* AlertManager.swift */; };
		73BEE1E72BC71043003068A1 /* HomeTests.swift in Sources */ = {isa = PBXBuildFile; fileRef = 73BEE1E62BC71043003068A1 /* HomeTests.swift */; };
		73BEE1EA2BC82976003068A1 /* BarChart.swift in Sources */ = {isa = PBXBuildFile; fileRef = 73BEE1E92BC82976003068A1 /* BarChart.swift */; };
		73BEE1ED2BC83BA3003068A1 /* Icons.xcassets in Resources */ = {isa = PBXBuildFile; fileRef = 73BEE1EC2BC83BA3003068A1 /* Icons.xcassets */; };
		73BEE1EF2BC83E0A003068A1 /* Colors+.swift in Sources */ = {isa = PBXBuildFile; fileRef = 73BEE1EE2BC83E0A003068A1 /* Colors+.swift */; };
/* End PBXBuildFile section */

/* Begin PBXContainerItemProxy section */
		7395FE6F2BAD198D009E40F1 /* PBXContainerItemProxy */ = {
			isa = PBXContainerItemProxy;
			containerPortal = 7395FE502BAD198C009E40F1 /* Project object */;
			proxyType = 1;
			remoteGlobalIDString = 7395FE572BAD198C009E40F1;
			remoteInfo = Solboard;
		};
		7395FE792BAD198D009E40F1 /* PBXContainerItemProxy */ = {
			isa = PBXContainerItemProxy;
			containerPortal = 7395FE502BAD198C009E40F1 /* Project object */;
			proxyType = 1;
			remoteGlobalIDString = 7395FE572BAD198C009E40F1;
			remoteInfo = Solboard;
		};
/* End PBXContainerItemProxy section */

/* Begin PBXFileReference section */
		7395FE582BAD198C009E40F1 /* Solboard.app */ = {isa = PBXFileReference; explicitFileType = wrapper.application; includeInIndex = 0; path = Solboard.app; sourceTree = BUILT_PRODUCTS_DIR; };
		7395FE5B2BAD198C009E40F1 /* AppDelegate.swift */ = {isa = PBXFileReference; lastKnownFileType = sourcecode.swift; path = AppDelegate.swift; sourceTree = "<group>"; };
		7395FE5D2BAD198C009E40F1 /* SceneDelegate.swift */ = {isa = PBXFileReference; lastKnownFileType = sourcecode.swift; path = SceneDelegate.swift; sourceTree = "<group>"; };
		7395FE642BAD198D009E40F1 /* Assets.xcassets */ = {isa = PBXFileReference; lastKnownFileType = folder.assetcatalog; path = Assets.xcassets; sourceTree = "<group>"; };
		7395FE692BAD198D009E40F1 /* Info.plist */ = {isa = PBXFileReference; lastKnownFileType = text.plist.xml; path = Info.plist; sourceTree = "<group>"; };
		7395FE6E2BAD198D009E40F1 /* SolboardTests.xctest */ = {isa = PBXFileReference; explicitFileType = wrapper.cfbundle; includeInIndex = 0; path = SolboardTests.xctest; sourceTree = BUILT_PRODUCTS_DIR; };
		7395FE782BAD198D009E40F1 /* SolboardUITests.xctest */ = {isa = PBXFileReference; explicitFileType = wrapper.cfbundle; includeInIndex = 0; path = SolboardUITests.xctest; sourceTree = BUILT_PRODUCTS_DIR; };
		7395FE7C2BAD198D009E40F1 /* SolboardUITests.swift */ = {isa = PBXFileReference; lastKnownFileType = sourcecode.swift; path = SolboardUITests.swift; sourceTree = "<group>"; };
		7395FE7E2BAD198D009E40F1 /* SolboardUITestsLaunchTests.swift */ = {isa = PBXFileReference; lastKnownFileType = sourcecode.swift; path = SolboardUITestsLaunchTests.swift; sourceTree = "<group>"; };
		73A644962BB271BF000E6424 /* SplashScreenViewController.swift */ = {isa = PBXFileReference; lastKnownFileType = sourcecode.swift; path = SplashScreenViewController.swift; sourceTree = "<group>"; };
		73A644972BB271BF000E6424 /* SplashScreenViewController.xib */ = {isa = PBXFileReference; lastKnownFileType = file.xib; path = SplashScreenViewController.xib; sourceTree = "<group>"; };
		73A6449C2BB2740E000E6424 /* Coordinator.swift */ = {isa = PBXFileReference; lastKnownFileType = sourcecode.swift; path = Coordinator.swift; sourceTree = "<group>"; };
		73A644A22BB276B8000E6424 /* ImportWalletViewController.swift */ = {isa = PBXFileReference; lastKnownFileType = sourcecode.swift; path = ImportWalletViewController.swift; sourceTree = "<group>"; };
		73A644A32BB276B8000E6424 /* ImportWalletViewController.xib */ = {isa = PBXFileReference; lastKnownFileType = file.xib; path = ImportWalletViewController.xib; sourceTree = "<group>"; };
		73A644A82BB30D0E000E6424 /* TabbarController.swift */ = {isa = PBXFileReference; lastKnownFileType = sourcecode.swift; path = TabbarController.swift; sourceTree = "<group>"; };
		73A644AB2BB30DC2000E6424 /* HomeViewController.swift */ = {isa = PBXFileReference; lastKnownFileType = sourcecode.swift; path = HomeViewController.swift; sourceTree = "<group>"; };
		73A644AC2BB30DC2000E6424 /* HomeViewController.xib */ = {isa = PBXFileReference; lastKnownFileType = file.xib; path = HomeViewController.xib; sourceTree = "<group>"; };
		73A644B12BB51BE6000E6424 /* PersistenceProtocol.swift */ = {isa = PBXFileReference; lastKnownFileType = sourcecode.swift; path = PersistenceProtocol.swift; sourceTree = "<group>"; };
		73A644B42BB52034000E6424 /* SolboardUserModel.xcdatamodel */ = {isa = PBXFileReference; lastKnownFileType = wrapper.xcdatamodel; path = SolboardUserModel.xcdatamodel; sourceTree = "<group>"; };
		73A644BB2BB520F7000E6424 /* UserDataModel+CoreDataClass.swift */ = {isa = PBXFileReference; lastKnownFileType = sourcecode.swift; path = "UserDataModel+CoreDataClass.swift"; sourceTree = "<group>"; };
		73A644BC2BB520F7000E6424 /* UserDataModel+CoreDataProperties.swift */ = {isa = PBXFileReference; lastKnownFileType = sourcecode.swift; path = "UserDataModel+CoreDataProperties.swift"; sourceTree = "<group>"; };
		73A644BF2BB521B9000E6424 /* CoreDataManager.swift */ = {isa = PBXFileReference; lastKnownFileType = sourcecode.swift; path = CoreDataManager.swift; sourceTree = "<group>"; };
		73A644C22BB54076000E6424 /* PresentationManager.swift */ = {isa = PBXFileReference; lastKnownFileType = sourcecode.swift; path = PresentationManager.swift; sourceTree = "<group>"; };
		73A644C42BB5410B000E6424 /* PresentationManagerTests.swift */ = {isa = PBXFileReference; lastKnownFileType = sourcecode.swift; path = PresentationManagerTests.swift; sourceTree = "<group>"; };
		73A644C72BB5414B000E6424 /* DataManagerMock.swift */ = {isa = PBXFileReference; lastKnownFileType = sourcecode.swift; path = DataManagerMock.swift; sourceTree = "<group>"; };
		73A644CA2BB54F21000E6424 /* UIApplication+.swift */ = {isa = PBXFileReference; lastKnownFileType = sourcecode.swift; path = "UIApplication+.swift"; sourceTree = "<group>"; };
		73A644CF2BB628FF000E6424 /* ImportWalletViewModel.swift */ = {isa = PBXFileReference; lastKnownFileType = sourcecode.swift; path = ImportWalletViewModel.swift; sourceTree = "<group>"; };
		73A644D72BBE3789000E6424 /* HTTPClient.swift */ = {isa = PBXFileReference; lastKnownFileType = sourcecode.swift; path = HTTPClient.swift; sourceTree = "<group>"; };
		73A644DA2BBE4121000E6424 /* GetAccountInfoResponse.swift */ = {isa = PBXFileReference; lastKnownFileType = sourcecode.swift; path = GetAccountInfoResponse.swift; sourceTree = "<group>"; };
		73A644E22BC4C2C9000E6424 /* ImportWalletViewControllerTests.swift */ = {isa = PBXFileReference; lastKnownFileType = sourcecode.swift; path = ImportWalletViewControllerTests.swift; sourceTree = "<group>"; };
		73BEE1E32BC6EE85003068A1 /* AlertManager.swift */ = {isa = PBXFileReference; lastKnownFileType = sourcecode.swift; path = AlertManager.swift; sourceTree = "<group>"; };
		73BEE1E62BC71043003068A1 /* HomeTests.swift */ = {isa = PBXFileReference; lastKnownFileType = sourcecode.swift; path = HomeTests.swift; sourceTree = "<group>"; };
		73BEE1E92BC82976003068A1 /* BarChart.swift */ = {isa = PBXFileReference; lastKnownFileType = sourcecode.swift; path = BarChart.swift; sourceTree = "<group>"; };
		73BEE1EC2BC83BA3003068A1 /* Icons.xcassets */ = {isa = PBXFileReference; lastKnownFileType = folder.assetcatalog; path = Icons.xcassets; sourceTree = "<group>"; };
		73BEE1EE2BC83E0A003068A1 /* Colors+.swift */ = {isa = PBXFileReference; lastKnownFileType = sourcecode.swift; path = "Colors+.swift"; sourceTree = "<group>"; };
/* End PBXFileReference section */

/* Begin PBXFrameworksBuildPhase section */
		7395FE552BAD198C009E40F1 /* Frameworks */ = {
			isa = PBXFrameworksBuildPhase;
			buildActionMask = 2147483647;
			files = (
			);
			runOnlyForDeploymentPostprocessing = 0;
		};
		7395FE6B2BAD198D009E40F1 /* Frameworks */ = {
			isa = PBXFrameworksBuildPhase;
			buildActionMask = 2147483647;
			files = (
			);
			runOnlyForDeploymentPostprocessing = 0;
		};
		7395FE752BAD198D009E40F1 /* Frameworks */ = {
			isa = PBXFrameworksBuildPhase;
			buildActionMask = 2147483647;
			files = (
			);
			runOnlyForDeploymentPostprocessing = 0;
		};
/* End PBXFrameworksBuildPhase section */

/* Begin PBXGroup section */
		7395FE4F2BAD198C009E40F1 = {
			isa = PBXGroup;
			children = (
				7395FE5A2BAD198C009E40F1 /* Solboard */,
				7395FE712BAD198D009E40F1 /* SolboardTests */,
				7395FE7B2BAD198D009E40F1 /* SolboardUITests */,
				7395FE592BAD198C009E40F1 /* Products */,
			);
			sourceTree = "<group>";
		};
		7395FE592BAD198C009E40F1 /* Products */ = {
			isa = PBXGroup;
			children = (
				7395FE582BAD198C009E40F1 /* Solboard.app */,
				7395FE6E2BAD198D009E40F1 /* SolboardTests.xctest */,
				7395FE782BAD198D009E40F1 /* SolboardUITests.xctest */,
			);
			name = Products;
			sourceTree = "<group>";
		};
		7395FE5A2BAD198C009E40F1 /* Solboard */ = {
			isa = PBXGroup;
			children = (
				73BEE1EB2BC839A0003068A1 /* Assets */,
				73A644D92BBE4114000E6424 /* Domain */,
				73A644C92BB54F12000E6424 /* Extensions */,
				73A644AF2BB51B9A000E6424 /* Services */,
				73A6449B2BB27401000E6424 /* Navigation */,
				73A644952BB2719A000E6424 /* Scenes */,
				7395FE5B2BAD198C009E40F1 /* AppDelegate.swift */,
				7395FE5D2BAD198C009E40F1 /* SceneDelegate.swift */,
				7395FE642BAD198D009E40F1 /* Assets.xcassets */,
				7395FE692BAD198D009E40F1 /* Info.plist */,
				73A644B32BB52034000E6424 /* UserDataModel.xcdatamodeld */,
			);
			path = Solboard;
			sourceTree = "<group>";
		};
		7395FE712BAD198D009E40F1 /* SolboardTests */ = {
			isa = PBXGroup;
			children = (
				73A644E02BC4A917000E6424 /* Scenes */,
				73A644C62BB54124000E6424 /* Mocks */,
				73A644C42BB5410B000E6424 /* PresentationManagerTests.swift */,
			);
			path = SolboardTests;
			sourceTree = "<group>";
		};
		7395FE7B2BAD198D009E40F1 /* SolboardUITests */ = {
			isa = PBXGroup;
			children = (
				7395FE7C2BAD198D009E40F1 /* SolboardUITests.swift */,
				7395FE7E2BAD198D009E40F1 /* SolboardUITestsLaunchTests.swift */,
			);
			path = SolboardUITests;
			sourceTree = "<group>";
		};
		73A644952BB2719A000E6424 /* Scenes */ = {
			isa = PBXGroup;
			children = (
				73A644AA2BB30DB0000E6424 /* HomeModule */,
				73A644A12BB276A0000E6424 /* ImportWalletModule */,
				73A6449A2BB271C4000E6424 /* SplashScreenModule */,
			);
			path = Scenes;
			sourceTree = "<group>";
		};
		73A6449A2BB271C4000E6424 /* SplashScreenModule */ = {
			isa = PBXGroup;
			children = (
				73A644962BB271BF000E6424 /* SplashScreenViewController.swift */,
				73A644972BB271BF000E6424 /* SplashScreenViewController.xib */,
			);
			path = SplashScreenModule;
			sourceTree = "<group>";
		};
		73A6449B2BB27401000E6424 /* Navigation */ = {
			isa = PBXGroup;
			children = (
				73A644A72BB30CF7000E6424 /* Tabbar */,
				73A644A62BB30CEA000E6424 /* Coordinator */,
				73A644C22BB54076000E6424 /* PresentationManager.swift */,
			);
			path = Navigation;
			sourceTree = "<group>";
		};
		73A644A12BB276A0000E6424 /* ImportWalletModule */ = {
			isa = PBXGroup;
			children = (
				73A644CD2BB628DB000E6424 /* Model */,
				73A644CC2BB628BA000E6424 /* View */,
				73A644CE2BB628E2000E6424 /* ViewModel */,
			);
			path = ImportWalletModule;
			sourceTree = "<group>";
		};
		73A644A62BB30CEA000E6424 /* Coordinator */ = {
			isa = PBXGroup;
			children = (
				73A6449C2BB2740E000E6424 /* Coordinator.swift */,
			);
			path = Coordinator;
			sourceTree = "<group>";
		};
		73A644A72BB30CF7000E6424 /* Tabbar */ = {
			isa = PBXGroup;
			children = (
				73A644A82BB30D0E000E6424 /* TabbarController.swift */,
			);
			path = Tabbar;
			sourceTree = "<group>";
		};
		73A644AA2BB30DB0000E6424 /* HomeModule */ = {
			isa = PBXGroup;
			children = (
				73BEE1E82BC82916003068A1 /* UIViews */,
				73A644AB2BB30DC2000E6424 /* HomeViewController.swift */,
				73A644AC2BB30DC2000E6424 /* HomeViewController.xib */,
			);
			path = HomeModule;
			sourceTree = "<group>";
		};
		73A644AF2BB51B9A000E6424 /* Services */ = {
			isa = PBXGroup;
			children = (
				73BEE1E22BC6EE79003068A1 /* AlertManager */,
				73A644D62BBE376F000E6424 /* Networking */,
				73A644B02BB51BA0000E6424 /* Persistence */,
			);
			path = Services;
			sourceTree = "<group>";
		};
		73A644B02BB51BA0000E6424 /* Persistence */ = {
			isa = PBXGroup;
			children = (
				73A644B12BB51BE6000E6424 /* PersistenceProtocol.swift */,
				73A644BA2BB520AC000E6424 /* CoreData */,
			);
			path = Persistence;
			sourceTree = "<group>";
		};
		73A644BA2BB520AC000E6424 /* CoreData */ = {
			isa = PBXGroup;
			children = (
				73A644BF2BB521B9000E6424 /* CoreDataManager.swift */,
				73A644C12BB52E9C000E6424 /* Entity */,
			);
			path = CoreData;
			sourceTree = "<group>";
		};
		73A644C12BB52E9C000E6424 /* Entity */ = {
			isa = PBXGroup;
			children = (
				73A644BB2BB520F7000E6424 /* UserDataModel+CoreDataClass.swift */,
				73A644BC2BB520F7000E6424 /* UserDataModel+CoreDataProperties.swift */,
			);
			path = Entity;
			sourceTree = "<group>";
		};
		73A644C62BB54124000E6424 /* Mocks */ = {
			isa = PBXGroup;
			children = (
				73A644C72BB5414B000E6424 /* DataManagerMock.swift */,
			);
			path = Mocks;
			sourceTree = "<group>";
		};
		73A644C92BB54F12000E6424 /* Extensions */ = {
			isa = PBXGroup;
			children = (
				73A644CA2BB54F21000E6424 /* UIApplication+.swift */,
				73BEE1EE2BC83E0A003068A1 /* Colors+.swift */,
			);
			path = Extensions;
			sourceTree = "<group>";
		};
		73A644CC2BB628BA000E6424 /* View */ = {
			isa = PBXGroup;
			children = (
				73A644A22BB276B8000E6424 /* ImportWalletViewController.swift */,
				73A644A32BB276B8000E6424 /* ImportWalletViewController.xib */,
			);
			path = View;
			sourceTree = "<group>";
		};
		73A644CD2BB628DB000E6424 /* Model */ = {
			isa = PBXGroup;
			children = (
			);
			path = Model;
			sourceTree = "<group>";
		};
		73A644CE2BB628E2000E6424 /* ViewModel */ = {
			isa = PBXGroup;
			children = (
				73A644CF2BB628FF000E6424 /* ImportWalletViewModel.swift */,
			);
			path = ViewModel;
			sourceTree = "<group>";
		};
		73A644D62BBE376F000E6424 /* Networking */ = {
			isa = PBXGroup;
			children = (
				73A644D72BBE3789000E6424 /* HTTPClient.swift */,
			);
			path = Networking;
			sourceTree = "<group>";
		};
		73A644D92BBE4114000E6424 /* Domain */ = {
			isa = PBXGroup;
			children = (
				73A644DA2BBE4121000E6424 /* GetAccountInfoResponse.swift */,
			);
			path = Domain;
			sourceTree = "<group>";
		};
		73A644E02BC4A917000E6424 /* Scenes */ = {
			isa = PBXGroup;
			children = (
				73BEE1E52BC7102B003068A1 /* HomeModule */,
				73A644E12BC4A91E000E6424 /* ImportWalletScene */,
			);
			path = Scenes;
			sourceTree = "<group>";
		};
		73A644E12BC4A91E000E6424 /* ImportWalletScene */ = {
			isa = PBXGroup;
			children = (
				73A644E22BC4C2C9000E6424 /* ImportWalletViewControllerTests.swift */,
			);
			path = ImportWalletScene;
			sourceTree = "<group>";
		};
		73BEE1E22BC6EE79003068A1 /* AlertManager */ = {
			isa = PBXGroup;
			children = (
				73BEE1E32BC6EE85003068A1 /* AlertManager.swift */,
			);
			path = AlertManager;
			sourceTree = "<group>";
		};
		73BEE1E52BC7102B003068A1 /* HomeModule */ = {
			isa = PBXGroup;
			children = (
				73BEE1E62BC71043003068A1 /* HomeTests.swift */,
			);
			path = HomeModule;
			sourceTree = "<group>";
		};
		73BEE1E82BC82916003068A1 /* UIViews */ = {
			isa = PBXGroup;
			children = (
				73BEE1E92BC82976003068A1 /* BarChart.swift */,
			);
			path = UIViews;
			sourceTree = "<group>";
		};
		73BEE1EB2BC839A0003068A1 /* Assets */ = {
			isa = PBXGroup;
			children = (
				73BEE1EC2BC83BA3003068A1 /* Icons.xcassets */,
			);
			path = Assets;
			sourceTree = "<group>";
		};
/* End PBXGroup section */

/* Begin PBXNativeTarget section */
		7395FE572BAD198C009E40F1 /* Solboard */ = {
			isa = PBXNativeTarget;
			buildConfigurationList = 7395FE822BAD198D009E40F1 /* Build configuration list for PBXNativeTarget "Solboard" */;
			buildPhases = (
				7395FE542BAD198C009E40F1 /* Sources */,
				7395FE552BAD198C009E40F1 /* Frameworks */,
				7395FE562BAD198C009E40F1 /* Resources */,
			);
			buildRules = (
			);
			dependencies = (
			);
			name = Solboard;
			packageProductDependencies = (
			);
			productName = Solboard;
			productReference = 7395FE582BAD198C009E40F1 /* Solboard.app */;
			productType = "com.apple.product-type.application";
		};
		7395FE6D2BAD198D009E40F1 /* SolboardTests */ = {
			isa = PBXNativeTarget;
			buildConfigurationList = 7395FE852BAD198D009E40F1 /* Build configuration list for PBXNativeTarget "SolboardTests" */;
			buildPhases = (
				7395FE6A2BAD198D009E40F1 /* Sources */,
				7395FE6B2BAD198D009E40F1 /* Frameworks */,
				7395FE6C2BAD198D009E40F1 /* Resources */,
			);
			buildRules = (
			);
			dependencies = (
				7395FE702BAD198D009E40F1 /* PBXTargetDependency */,
			);
			name = SolboardTests;
			productName = SolboardTests;
			productReference = 7395FE6E2BAD198D009E40F1 /* SolboardTests.xctest */;
			productType = "com.apple.product-type.bundle.unit-test";
		};
		7395FE772BAD198D009E40F1 /* SolboardUITests */ = {
			isa = PBXNativeTarget;
			buildConfigurationList = 7395FE882BAD198D009E40F1 /* Build configuration list for PBXNativeTarget "SolboardUITests" */;
			buildPhases = (
				7395FE742BAD198D009E40F1 /* Sources */,
				7395FE752BAD198D009E40F1 /* Frameworks */,
				7395FE762BAD198D009E40F1 /* Resources */,
			);
			buildRules = (
			);
			dependencies = (
				7395FE7A2BAD198D009E40F1 /* PBXTargetDependency */,
			);
			name = SolboardUITests;
			productName = SolboardUITests;
			productReference = 7395FE782BAD198D009E40F1 /* SolboardUITests.xctest */;
			productType = "com.apple.product-type.bundle.ui-testing";
		};
/* End PBXNativeTarget section */

/* Begin PBXProject section */
		7395FE502BAD198C009E40F1 /* Project object */ = {
			isa = PBXProject;
			attributes = {
				BuildIndependentTargetsInParallel = 1;
				LastSwiftUpdateCheck = 1510;
				LastUpgradeCheck = 1510;
				TargetAttributes = {
					7395FE572BAD198C009E40F1 = {
						CreatedOnToolsVersion = 15.1;
					};
					7395FE6D2BAD198D009E40F1 = {
						CreatedOnToolsVersion = 15.1;
						TestTargetID = 7395FE572BAD198C009E40F1;
					};
					7395FE772BAD198D009E40F1 = {
						CreatedOnToolsVersion = 15.1;
						TestTargetID = 7395FE572BAD198C009E40F1;
					};
				};
			};
			buildConfigurationList = 7395FE532BAD198C009E40F1 /* Build configuration list for PBXProject "Solboard" */;
			compatibilityVersion = "Xcode 14.0";
			developmentRegion = en;
			hasScannedForEncodings = 0;
			knownRegions = (
				en,
				Base,
			);
			mainGroup = 7395FE4F2BAD198C009E40F1;
			packageReferences = (
			);
			productRefGroup = 7395FE592BAD198C009E40F1 /* Products */;
			projectDirPath = "";
			projectRoot = "";
			targets = (
				7395FE572BAD198C009E40F1 /* Solboard */,
				7395FE6D2BAD198D009E40F1 /* SolboardTests */,
				7395FE772BAD198D009E40F1 /* SolboardUITests */,
			);
		};
/* End PBXProject section */

/* Begin PBXResourcesBuildPhase section */
		7395FE562BAD198C009E40F1 /* Resources */ = {
			isa = PBXResourcesBuildPhase;
			buildActionMask = 2147483647;
			files = (
				73A644992BB271BF000E6424 /* SplashScreenViewController.xib in Resources */,
				7395FE652BAD198D009E40F1 /* Assets.xcassets in Resources */,
				73A644A52BB276B8000E6424 /* ImportWalletViewController.xib in Resources */,
				73A644AE2BB30DC2000E6424 /* HomeViewController.xib in Resources */,
				73BEE1ED2BC83BA3003068A1 /* Icons.xcassets in Resources */,
			);
			runOnlyForDeploymentPostprocessing = 0;
		};
		7395FE6C2BAD198D009E40F1 /* Resources */ = {
			isa = PBXResourcesBuildPhase;
			buildActionMask = 2147483647;
			files = (
			);
			runOnlyForDeploymentPostprocessing = 0;
		};
		7395FE762BAD198D009E40F1 /* Resources */ = {
			isa = PBXResourcesBuildPhase;
			buildActionMask = 2147483647;
			files = (
			);
			runOnlyForDeploymentPostprocessing = 0;
		};
/* End PBXResourcesBuildPhase section */

/* Begin PBXSourcesBuildPhase section */
		7395FE542BAD198C009E40F1 /* Sources */ = {
			isa = PBXSourcesBuildPhase;
			buildActionMask = 2147483647;
			files = (
				7395FE5C2BAD198C009E40F1 /* AppDelegate.swift in Sources */,
				73A644DB2BBE4121000E6424 /* GetAccountInfoResponse.swift in Sources */,
				73A6449D2BB2740E000E6424 /* Coordinator.swift in Sources */,
				73A644CB2BB54F21000E6424 /* UIApplication+.swift in Sources */,
				73A644AD2BB30DC2000E6424 /* HomeViewController.swift in Sources */,
				73A644B22BB51BE6000E6424 /* PersistenceProtocol.swift in Sources */,
				73A644BD2BB520F7000E6424 /* UserDataModel+CoreDataClass.swift in Sources */,
				73A644982BB271BF000E6424 /* SplashScreenViewController.swift in Sources */,
				73BEE1E42BC6EE85003068A1 /* AlertManager.swift in Sources */,
				73A644C02BB521B9000E6424 /* CoreDataManager.swift in Sources */,
				73A644A42BB276B8000E6424 /* ImportWalletViewController.swift in Sources */,
				73BEE1EA2BC82976003068A1 /* BarChart.swift in Sources */,
				73A644BE2BB520F7000E6424 /* UserDataModel+CoreDataProperties.swift in Sources */,
				73BEE1EF2BC83E0A003068A1 /* Colors+.swift in Sources */,
				73A644D82BBE3789000E6424 /* HTTPClient.swift in Sources */,
				73A644D02BB628FF000E6424 /* ImportWalletViewModel.swift in Sources */,
				73A644C32BB54076000E6424 /* PresentationManager.swift in Sources */,
				7395FE5E2BAD198C009E40F1 /* SceneDelegate.swift in Sources */,
				73A644B52BB52034000E6424 /* UserDataModel.xcdatamodeld in Sources */,
				73A644A92BB30D0E000E6424 /* TabbarController.swift in Sources */,
			);
			runOnlyForDeploymentPostprocessing = 0;
		};
		7395FE6A2BAD198D009E40F1 /* Sources */ = {
			isa = PBXSourcesBuildPhase;
			buildActionMask = 2147483647;
			files = (
				73A644E32BC4C2C9000E6424 /* ImportWalletViewControllerTests.swift in Sources */,
				73A644C52BB5410B000E6424 /* PresentationManagerTests.swift in Sources */,
				73BEE1E72BC71043003068A1 /* HomeTests.swift in Sources */,
				73A644C82BB5414B000E6424 /* DataManagerMock.swift in Sources */,
			);
			runOnlyForDeploymentPostprocessing = 0;
		};
		7395FE742BAD198D009E40F1 /* Sources */ = {
			isa = PBXSourcesBuildPhase;
			buildActionMask = 2147483647;
			files = (
				7395FE7F2BAD198D009E40F1 /* SolboardUITestsLaunchTests.swift in Sources */,
				7395FE7D2BAD198D009E40F1 /* SolboardUITests.swift in Sources */,
			);
			runOnlyForDeploymentPostprocessing = 0;
		};
/* End PBXSourcesBuildPhase section */

/* Begin PBXTargetDependency section */
		7395FE702BAD198D009E40F1 /* PBXTargetDependency */ = {
			isa = PBXTargetDependency;
			target = 7395FE572BAD198C009E40F1 /* Solboard */;
			targetProxy = 7395FE6F2BAD198D009E40F1 /* PBXContainerItemProxy */;
		};
		7395FE7A2BAD198D009E40F1 /* PBXTargetDependency */ = {
			isa = PBXTargetDependency;
			target = 7395FE572BAD198C009E40F1 /* Solboard */;
			targetProxy = 7395FE792BAD198D009E40F1 /* PBXContainerItemProxy */;
		};
/* End PBXTargetDependency section */

/* Begin XCBuildConfiguration section */
		7395FE802BAD198D009E40F1 /* Debug */ = {
			isa = XCBuildConfiguration;
			buildSettings = {
				ALWAYS_SEARCH_USER_PATHS = NO;
				ASSETCATALOG_COMPILER_GENERATE_SWIFT_ASSET_SYMBOL_EXTENSIONS = YES;
				CLANG_ANALYZER_NONNULL = YES;
				CLANG_ANALYZER_NUMBER_OBJECT_CONVERSION = YES_AGGRESSIVE;
				CLANG_CXX_LANGUAGE_STANDARD = "gnu++20";
				CLANG_ENABLE_MODULES = YES;
				CLANG_ENABLE_OBJC_ARC = YES;
				CLANG_ENABLE_OBJC_WEAK = YES;
				CLANG_WARN_BLOCK_CAPTURE_AUTORELEASING = YES;
				CLANG_WARN_BOOL_CONVERSION = YES;
				CLANG_WARN_COMMA = YES;
				CLANG_WARN_CONSTANT_CONVERSION = YES;
				CLANG_WARN_DEPRECATED_OBJC_IMPLEMENTATIONS = YES;
				CLANG_WARN_DIRECT_OBJC_ISA_USAGE = YES_ERROR;
				CLANG_WARN_DOCUMENTATION_COMMENTS = YES;
				CLANG_WARN_EMPTY_BODY = YES;
				CLANG_WARN_ENUM_CONVERSION = YES;
				CLANG_WARN_INFINITE_RECURSION = YES;
				CLANG_WARN_INT_CONVERSION = YES;
				CLANG_WARN_NON_LITERAL_NULL_CONVERSION = YES;
				CLANG_WARN_OBJC_IMPLICIT_RETAIN_SELF = YES;
				CLANG_WARN_OBJC_LITERAL_CONVERSION = YES;
				CLANG_WARN_OBJC_ROOT_CLASS = YES_ERROR;
				CLANG_WARN_QUOTED_INCLUDE_IN_FRAMEWORK_HEADER = YES;
				CLANG_WARN_RANGE_LOOP_ANALYSIS = YES;
				CLANG_WARN_STRICT_PROTOTYPES = YES;
				CLANG_WARN_SUSPICIOUS_MOVE = YES;
				CLANG_WARN_UNGUARDED_AVAILABILITY = YES_AGGRESSIVE;
				CLANG_WARN_UNREACHABLE_CODE = YES;
				CLANG_WARN__DUPLICATE_METHOD_MATCH = YES;
				COPY_PHASE_STRIP = NO;
				DEBUG_INFORMATION_FORMAT = dwarf;
				ENABLE_STRICT_OBJC_MSGSEND = YES;
				ENABLE_TESTABILITY = YES;
				ENABLE_USER_SCRIPT_SANDBOXING = YES;
				GCC_C_LANGUAGE_STANDARD = gnu17;
				GCC_DYNAMIC_NO_PIC = NO;
				GCC_NO_COMMON_BLOCKS = YES;
				GCC_OPTIMIZATION_LEVEL = 0;
				GCC_PREPROCESSOR_DEFINITIONS = (
					"DEBUG=1",
					"$(inherited)",
				);
				GCC_WARN_64_TO_32_BIT_CONVERSION = YES;
				GCC_WARN_ABOUT_RETURN_TYPE = YES_ERROR;
				GCC_WARN_UNDECLARED_SELECTOR = YES;
				GCC_WARN_UNINITIALIZED_AUTOS = YES_AGGRESSIVE;
				GCC_WARN_UNUSED_FUNCTION = YES;
				GCC_WARN_UNUSED_VARIABLE = YES;
				IPHONEOS_DEPLOYMENT_TARGET = 17.2;
				LOCALIZATION_PREFERS_STRING_CATALOGS = YES;
				MTL_ENABLE_DEBUG_INFO = INCLUDE_SOURCE;
				MTL_FAST_MATH = YES;
				ONLY_ACTIVE_ARCH = YES;
				SDKROOT = iphoneos;
				SWIFT_ACTIVE_COMPILATION_CONDITIONS = "DEBUG $(inherited)";
				SWIFT_OPTIMIZATION_LEVEL = "-Onone";
			};
			name = Debug;
		};
		7395FE812BAD198D009E40F1 /* Release */ = {
			isa = XCBuildConfiguration;
			buildSettings = {
				ALWAYS_SEARCH_USER_PATHS = NO;
				ASSETCATALOG_COMPILER_GENERATE_SWIFT_ASSET_SYMBOL_EXTENSIONS = YES;
				CLANG_ANALYZER_NONNULL = YES;
				CLANG_ANALYZER_NUMBER_OBJECT_CONVERSION = YES_AGGRESSIVE;
				CLANG_CXX_LANGUAGE_STANDARD = "gnu++20";
				CLANG_ENABLE_MODULES = YES;
				CLANG_ENABLE_OBJC_ARC = YES;
				CLANG_ENABLE_OBJC_WEAK = YES;
				CLANG_WARN_BLOCK_CAPTURE_AUTORELEASING = YES;
				CLANG_WARN_BOOL_CONVERSION = YES;
				CLANG_WARN_COMMA = YES;
				CLANG_WARN_CONSTANT_CONVERSION = YES;
				CLANG_WARN_DEPRECATED_OBJC_IMPLEMENTATIONS = YES;
				CLANG_WARN_DIRECT_OBJC_ISA_USAGE = YES_ERROR;
				CLANG_WARN_DOCUMENTATION_COMMENTS = YES;
				CLANG_WARN_EMPTY_BODY = YES;
				CLANG_WARN_ENUM_CONVERSION = YES;
				CLANG_WARN_INFINITE_RECURSION = YES;
				CLANG_WARN_INT_CONVERSION = YES;
				CLANG_WARN_NON_LITERAL_NULL_CONVERSION = YES;
				CLANG_WARN_OBJC_IMPLICIT_RETAIN_SELF = YES;
				CLANG_WARN_OBJC_LITERAL_CONVERSION = YES;
				CLANG_WARN_OBJC_ROOT_CLASS = YES_ERROR;
				CLANG_WARN_QUOTED_INCLUDE_IN_FRAMEWORK_HEADER = YES;
				CLANG_WARN_RANGE_LOOP_ANALYSIS = YES;
				CLANG_WARN_STRICT_PROTOTYPES = YES;
				CLANG_WARN_SUSPICIOUS_MOVE = YES;
				CLANG_WARN_UNGUARDED_AVAILABILITY = YES_AGGRESSIVE;
				CLANG_WARN_UNREACHABLE_CODE = YES;
				CLANG_WARN__DUPLICATE_METHOD_MATCH = YES;
				COPY_PHASE_STRIP = NO;
				DEBUG_INFORMATION_FORMAT = "dwarf-with-dsym";
				ENABLE_NS_ASSERTIONS = NO;
				ENABLE_STRICT_OBJC_MSGSEND = YES;
				ENABLE_USER_SCRIPT_SANDBOXING = YES;
				GCC_C_LANGUAGE_STANDARD = gnu17;
				GCC_NO_COMMON_BLOCKS = YES;
				GCC_WARN_64_TO_32_BIT_CONVERSION = YES;
				GCC_WARN_ABOUT_RETURN_TYPE = YES_ERROR;
				GCC_WARN_UNDECLARED_SELECTOR = YES;
				GCC_WARN_UNINITIALIZED_AUTOS = YES_AGGRESSIVE;
				GCC_WARN_UNUSED_FUNCTION = YES;
				GCC_WARN_UNUSED_VARIABLE = YES;
				IPHONEOS_DEPLOYMENT_TARGET = 17.2;
				LOCALIZATION_PREFERS_STRING_CATALOGS = YES;
				MTL_ENABLE_DEBUG_INFO = NO;
				MTL_FAST_MATH = YES;
				SDKROOT = iphoneos;
				SWIFT_COMPILATION_MODE = wholemodule;
				VALIDATE_PRODUCT = YES;
			};
			name = Release;
		};
		7395FE832BAD198D009E40F1 /* Debug */ = {
			isa = XCBuildConfiguration;
			buildSettings = {
				ASSETCATALOG_COMPILER_APPICON_NAME = AppIcon;
				ASSETCATALOG_COMPILER_GLOBAL_ACCENT_COLOR_NAME = AccentColor;
				CODE_SIGN_STYLE = Automatic;
				CURRENT_PROJECT_VERSION = 1;
				DEVELOPMENT_TEAM = 86FX98RR5R;
				GENERATE_INFOPLIST_FILE = YES;
				INFOPLIST_FILE = Solboard/Info.plist;
				INFOPLIST_KEY_UIApplicationSupportsIndirectInputEvents = YES;
				INFOPLIST_KEY_UILaunchStoryboardName = SplashScreenViewController.xib;
				INFOPLIST_KEY_UISupportedInterfaceOrientations_iPad = "UIInterfaceOrientationPortrait UIInterfaceOrientationPortraitUpsideDown UIInterfaceOrientationLandscapeLeft UIInterfaceOrientationLandscapeRight";
				INFOPLIST_KEY_UISupportedInterfaceOrientations_iPhone = "UIInterfaceOrientationPortrait UIInterfaceOrientationLandscapeLeft UIInterfaceOrientationLandscapeRight";
				LD_RUNPATH_SEARCH_PATHS = (
					"$(inherited)",
					"@executable_path/Frameworks",
				);
				MARKETING_VERSION = 1.0;
				PRODUCT_BUNDLE_IDENTIFIER = com.nica.Solboard;
				PRODUCT_NAME = "$(TARGET_NAME)";
				SWIFT_EMIT_LOC_STRINGS = YES;
				SWIFT_VERSION = 5.0;
				TARGETED_DEVICE_FAMILY = "1,2";
			};
			name = Debug;
		};
		7395FE842BAD198D009E40F1 /* Release */ = {
			isa = XCBuildConfiguration;
			buildSettings = {
				ASSETCATALOG_COMPILER_APPICON_NAME = AppIcon;
				ASSETCATALOG_COMPILER_GLOBAL_ACCENT_COLOR_NAME = AccentColor;
				CODE_SIGN_STYLE = Automatic;
				CURRENT_PROJECT_VERSION = 1;
				DEVELOPMENT_TEAM = 86FX98RR5R;
				GENERATE_INFOPLIST_FILE = YES;
				INFOPLIST_FILE = Solboard/Info.plist;
				INFOPLIST_KEY_UIApplicationSupportsIndirectInputEvents = YES;
				INFOPLIST_KEY_UILaunchStoryboardName = SplashScreenViewController.xib;
				INFOPLIST_KEY_UISupportedInterfaceOrientations_iPad = "UIInterfaceOrientationPortrait UIInterfaceOrientationPortraitUpsideDown UIInterfaceOrientationLandscapeLeft UIInterfaceOrientationLandscapeRight";
				INFOPLIST_KEY_UISupportedInterfaceOrientations_iPhone = "UIInterfaceOrientationPortrait UIInterfaceOrientationLandscapeLeft UIInterfaceOrientationLandscapeRight";
				LD_RUNPATH_SEARCH_PATHS = (
					"$(inherited)",
					"@executable_path/Frameworks",
				);
				MARKETING_VERSION = 1.0;
				PRODUCT_BUNDLE_IDENTIFIER = com.nica.Solboard;
				PRODUCT_NAME = "$(TARGET_NAME)";
				SWIFT_EMIT_LOC_STRINGS = YES;
				SWIFT_VERSION = 5.0;
				TARGETED_DEVICE_FAMILY = "1,2";
			};
			name = Release;
		};
		7395FE862BAD198D009E40F1 /* Debug */ = {
			isa = XCBuildConfiguration;
			buildSettings = {
				ALWAYS_EMBED_SWIFT_STANDARD_LIBRARIES = YES;
				BUNDLE_LOADER = "$(TEST_HOST)";
				CODE_SIGN_STYLE = Automatic;
				CURRENT_PROJECT_VERSION = 1;
				DEVELOPMENT_TEAM = 86FX98RR5R;
				GENERATE_INFOPLIST_FILE = YES;
				IPHONEOS_DEPLOYMENT_TARGET = 17.2;
				MARKETING_VERSION = 1.0;
				PRODUCT_BUNDLE_IDENTIFIER = com.nica.SolboardTests;
				PRODUCT_NAME = "$(TARGET_NAME)";
				SWIFT_EMIT_LOC_STRINGS = NO;
				SWIFT_VERSION = 5.0;
				TARGETED_DEVICE_FAMILY = "1,2";
				TEST_HOST = "$(BUILT_PRODUCTS_DIR)/Solboard.app/$(BUNDLE_EXECUTABLE_FOLDER_PATH)/Solboard";
			};
			name = Debug;
		};
		7395FE872BAD198D009E40F1 /* Release */ = {
			isa = XCBuildConfiguration;
			buildSettings = {
				ALWAYS_EMBED_SWIFT_STANDARD_LIBRARIES = YES;
				BUNDLE_LOADER = "$(TEST_HOST)";
				CODE_SIGN_STYLE = Automatic;
				CURRENT_PROJECT_VERSION = 1;
				DEVELOPMENT_TEAM = 86FX98RR5R;
				GENERATE_INFOPLIST_FILE = YES;
				IPHONEOS_DEPLOYMENT_TARGET = 17.2;
				MARKETING_VERSION = 1.0;
				PRODUCT_BUNDLE_IDENTIFIER = com.nica.SolboardTests;
				PRODUCT_NAME = "$(TARGET_NAME)";
				SWIFT_EMIT_LOC_STRINGS = NO;
				SWIFT_VERSION = 5.0;
				TARGETED_DEVICE_FAMILY = "1,2";
				TEST_HOST = "$(BUILT_PRODUCTS_DIR)/Solboard.app/$(BUNDLE_EXECUTABLE_FOLDER_PATH)/Solboard";
			};
			name = Release;
		};
		7395FE892BAD198D009E40F1 /* Debug */ = {
			isa = XCBuildConfiguration;
			buildSettings = {
				ALWAYS_EMBED_SWIFT_STANDARD_LIBRARIES = YES;
				CODE_SIGN_STYLE = Automatic;
				CURRENT_PROJECT_VERSION = 1;
				DEVELOPMENT_TEAM = 86FX98RR5R;
				GENERATE_INFOPLIST_FILE = YES;
				MARKETING_VERSION = 1.0;
				PRODUCT_BUNDLE_IDENTIFIER = com.nica.SolboardUITests;
				PRODUCT_NAME = "$(TARGET_NAME)";
				SWIFT_EMIT_LOC_STRINGS = NO;
				SWIFT_VERSION = 5.0;
				TARGETED_DEVICE_FAMILY = "1,2";
				TEST_TARGET_NAME = Solboard;
			};
			name = Debug;
		};
		7395FE8A2BAD198D009E40F1 /* Release */ = {
			isa = XCBuildConfiguration;
			buildSettings = {
				ALWAYS_EMBED_SWIFT_STANDARD_LIBRARIES = YES;
				CODE_SIGN_STYLE = Automatic;
				CURRENT_PROJECT_VERSION = 1;
				DEVELOPMENT_TEAM = 86FX98RR5R;
				GENERATE_INFOPLIST_FILE = YES;
				MARKETING_VERSION = 1.0;
				PRODUCT_BUNDLE_IDENTIFIER = com.nica.SolboardUITests;
				PRODUCT_NAME = "$(TARGET_NAME)";
				SWIFT_EMIT_LOC_STRINGS = NO;
				SWIFT_VERSION = 5.0;
				TARGETED_DEVICE_FAMILY = "1,2";
				TEST_TARGET_NAME = Solboard;
			};
			name = Release;
		};
/* End XCBuildConfiguration section */

/* Begin XCConfigurationList section */
		7395FE532BAD198C009E40F1 /* Build configuration list for PBXProject "Solboard" */ = {
			isa = XCConfigurationList;
			buildConfigurations = (
				7395FE802BAD198D009E40F1 /* Debug */,
				7395FE812BAD198D009E40F1 /* Release */,
			);
			defaultConfigurationIsVisible = 0;
			defaultConfigurationName = Release;
		};
		7395FE822BAD198D009E40F1 /* Build configuration list for PBXNativeTarget "Solboard" */ = {
			isa = XCConfigurationList;
			buildConfigurations = (
				7395FE832BAD198D009E40F1 /* Debug */,
				7395FE842BAD198D009E40F1 /* Release */,
			);
			defaultConfigurationIsVisible = 0;
			defaultConfigurationName = Release;
		};
		7395FE852BAD198D009E40F1 /* Build configuration list for PBXNativeTarget "SolboardTests" */ = {
			isa = XCConfigurationList;
			buildConfigurations = (
				7395FE862BAD198D009E40F1 /* Debug */,
				7395FE872BAD198D009E40F1 /* Release */,
			);
			defaultConfigurationIsVisible = 0;
			defaultConfigurationName = Release;
		};
		7395FE882BAD198D009E40F1 /* Build configuration list for PBXNativeTarget "SolboardUITests" */ = {
			isa = XCConfigurationList;
			buildConfigurations = (
				7395FE892BAD198D009E40F1 /* Debug */,
				7395FE8A2BAD198D009E40F1 /* Release */,
			);
			defaultConfigurationIsVisible = 0;
			defaultConfigurationName = Release;
		};
/* End XCConfigurationList section */

/* Begin XCVersionGroup section */
		73A644B32BB52034000E6424 /* UserDataModel.xcdatamodeld */ = {
			isa = XCVersionGroup;
			children = (
				73A644B42BB52034000E6424 /* SolboardUserModel.xcdatamodel */,
			);
			currentVersion = 73A644B42BB52034000E6424 /* SolboardUserModel.xcdatamodel */;
			path = UserDataModel.xcdatamodeld;
			sourceTree = "<group>";
			versionGroupType = wrapper.xcdatamodel;
		};
/* End XCVersionGroup section */
	};
	rootObject = 7395FE502BAD198C009E40F1 /* Project object */;
}
